// !$*UTF8*$!
{
	archiveVersion = 1;
	classes = {
	};
	objectVersion = 46;
	objects = {

/* Begin PBXBuildFile section */
		5F28BC9A1E920172000BA78E /* SwiftForms.framework in Frameworks */ = {isa = PBXBuildFile; fileRef = 5F28BC991E920172000BA78E /* SwiftForms.framework */; };
		5FCEBEBA1E91A00900BA379D /* AppDelegate.swift in Sources */ = {isa = PBXBuildFile; fileRef = 5FCEBEB91E91A00900BA379D /* AppDelegate.swift */; };
		5FCEBEC11E91A00900BA379D /* Assets.xcassets in Resources */ = {isa = PBXBuildFile; fileRef = 5FCEBEC01E91A00900BA379D /* Assets.xcassets */; };
		5FCEBEC41E91A00900BA379D /* LaunchScreen.storyboard in Resources */ = {isa = PBXBuildFile; fileRef = 5FCEBEC21E91A00900BA379D /* LaunchScreen.storyboard */; };
		5FCEBECF1E91A00900BA379D /* My_MindTests.swift in Sources */ = {isa = PBXBuildFile; fileRef = 5FCEBECE1E91A00900BA379D /* My_MindTests.swift */; };
		5FCEBEDA1E91A00900BA379D /* My_MindUITests.swift in Sources */ = {isa = PBXBuildFile; fileRef = 5FCEBED91E91A00900BA379D /* My_MindUITests.swift */; };
		5FCEBEEA1E91A0B800BA379D /* OnBoard.storyboard in Resources */ = {isa = PBXBuildFile; fileRef = 5FCEBEE91E91A0B800BA379D /* OnBoard.storyboard */; };
		5FCEBEEC1E91A20100BA379D /* OnBoardingController.swift in Sources */ = {isa = PBXBuildFile; fileRef = 5FCEBEEB1E91A20100BA379D /* OnBoardingController.swift */; };
		5FCEBEF11E91A25200BA379D /* Main.storyboard in Resources */ = {isa = PBXBuildFile; fileRef = 5FCEBEF01E91A25200BA379D /* Main.storyboard */; };
		5FCEBEF31E91A25900BA379D /* Login.storyboard in Resources */ = {isa = PBXBuildFile; fileRef = 5FCEBEF21E91A25900BA379D /* Login.storyboard */; };
		5FCEBEF51E91A27B00BA379D /* LoginViews.swift in Sources */ = {isa = PBXBuildFile; fileRef = 5FCEBEF41E91A27B00BA379D /* LoginViews.swift */; };
		5FCEBEF71E91A28800BA379D /* ForumView.swift in Sources */ = {isa = PBXBuildFile; fileRef = 5FCEBEF61E91A28800BA379D /* ForumView.swift */; };
		5FCEBEF91E91A29D00BA379D /* ReferralViews.swift in Sources */ = {isa = PBXBuildFile; fileRef = 5FCEBEF81E91A29D00BA379D /* ReferralViews.swift */; };
		5FCEBEFB1E91A2A400BA379D /* AppointmentView.swift in Sources */ = {isa = PBXBuildFile; fileRef = 5FCEBEFA1E91A2A400BA379D /* AppointmentView.swift */; };
		5FCEBEFD1E91A2B200BA379D /* SettingsView.swift in Sources */ = {isa = PBXBuildFile; fileRef = 5FCEBEFC1E91A2B200BA379D /* SettingsView.swift */; };
		5FCEBEFF1E91A2BB00BA379D /* EmergencyView.swift in Sources */ = {isa = PBXBuildFile; fileRef = 5FCEBEFE1E91A2BB00BA379D /* EmergencyView.swift */; };
		5FCEBF011E91A74100BA379D /* SignUpViews.swift in Sources */ = {isa = PBXBuildFile; fileRef = 5FCEBF001E91A74100BA379D /* SignUpViews.swift */; };
		5FCEBF051E91A81000BA379D /* WelcomeScreenViews.swift in Sources */ = {isa = PBXBuildFile; fileRef = 5FCEBF041E91A81000BA379D /* WelcomeScreenViews.swift */; };
		5FE993361E92C3D4002B0FF6 /* OnlineViews.swift in Sources */ = {isa = PBXBuildFile; fileRef = 5FE993351E92C3D4002B0FF6 /* OnlineViews.swift */; };
/* End PBXBuildFile section */

/* Begin PBXContainerItemProxy section */
		5FCEBECB1E91A00900BA379D /* PBXContainerItemProxy */ = {
			isa = PBXContainerItemProxy;
			containerPortal = 5FCEBEAE1E91A00900BA379D /* Project object */;
			proxyType = 1;
			remoteGlobalIDString = 5FCEBEB51E91A00900BA379D;
			remoteInfo = "My Mind";
		};
		5FCEBED61E91A00900BA379D /* PBXContainerItemProxy */ = {
			isa = PBXContainerItemProxy;
			containerPortal = 5FCEBEAE1E91A00900BA379D /* Project object */;
			proxyType = 1;
			remoteGlobalIDString = 5FCEBEB51E91A00900BA379D;
			remoteInfo = "My Mind";
		};
/* End PBXContainerItemProxy section */

/* Begin PBXCopyFilesBuildPhase section */
		5FA02E161E91F52C00C6F0A5 /* Embed Frameworks */ = {
			isa = PBXCopyFilesBuildPhase;
			buildActionMask = 2147483647;
			dstPath = "";
			dstSubfolderSpec = 10;
			files = (
			);
			name = "Embed Frameworks";
			runOnlyForDeploymentPostprocessing = 0;
		};
/* End PBXCopyFilesBuildPhase section */

/* Begin PBXFileReference section */
		4D61387F6D0645AD417E6994 /* Pods_My_Mind.framework */ = {isa = PBXFileReference; explicitFileType = wrapper.framework; includeInIndex = 0; path = Pods_My_Mind.framework; sourceTree = BUILT_PRODUCTS_DIR; };
		4EB7D250E5F6F6ED4ECEE61D /* Pods-My Mind.release.xcconfig */ = {isa = PBXFileReference; includeInIndex = 1; lastKnownFileType = text.xcconfig; name = "Pods-My Mind.release.xcconfig"; path = "Pods/Target Support Files/Pods-My Mind/Pods-My Mind.release.xcconfig"; sourceTree = "<group>"; };
		5F28BC991E920172000BA78E /* SwiftForms.framework */ = {isa = PBXFileReference; lastKnownFileType = wrapper.framework; path = SwiftForms.framework; sourceTree = "<group>"; };
		5FCEBEB61E91A00900BA379D /* My Mind.app */ = {isa = PBXFileReference; explicitFileType = wrapper.application; includeInIndex = 0; path = "My Mind.app"; sourceTree = BUILT_PRODUCTS_DIR; };
		5FCEBEB91E91A00900BA379D /* AppDelegate.swift */ = {isa = PBXFileReference; lastKnownFileType = sourcecode.swift; path = AppDelegate.swift; sourceTree = "<group>"; };
		5FCEBEC01E91A00900BA379D /* Assets.xcassets */ = {isa = PBXFileReference; lastKnownFileType = folder.assetcatalog; path = Assets.xcassets; sourceTree = "<group>"; };
		5FCEBEC31E91A00900BA379D /* Base */ = {isa = PBXFileReference; lastKnownFileType = file.storyboard; name = Base; path = Base.lproj/LaunchScreen.storyboard; sourceTree = "<group>"; };
		5FCEBEC51E91A00900BA379D /* Info.plist */ = {isa = PBXFileReference; lastKnownFileType = text.plist.xml; path = Info.plist; sourceTree = "<group>"; };
		5FCEBECA1E91A00900BA379D /* My MindTests.xctest */ = {isa = PBXFileReference; explicitFileType = wrapper.cfbundle; includeInIndex = 0; path = "My MindTests.xctest"; sourceTree = BUILT_PRODUCTS_DIR; };
		5FCEBECE1E91A00900BA379D /* My_MindTests.swift */ = {isa = PBXFileReference; lastKnownFileType = sourcecode.swift; path = My_MindTests.swift; sourceTree = "<group>"; };
		5FCEBED01E91A00900BA379D /* Info.plist */ = {isa = PBXFileReference; lastKnownFileType = text.plist.xml; path = Info.plist; sourceTree = "<group>"; };
		5FCEBED51E91A00900BA379D /* My MindUITests.xctest */ = {isa = PBXFileReference; explicitFileType = wrapper.cfbundle; includeInIndex = 0; path = "My MindUITests.xctest"; sourceTree = BUILT_PRODUCTS_DIR; };
		5FCEBED91E91A00900BA379D /* My_MindUITests.swift */ = {isa = PBXFileReference; lastKnownFileType = sourcecode.swift; path = My_MindUITests.swift; sourceTree = "<group>"; };
		5FCEBEDB1E91A00900BA379D /* Info.plist */ = {isa = PBXFileReference; lastKnownFileType = text.plist.xml; path = Info.plist; sourceTree = "<group>"; };
		5FCEBEE91E91A0B800BA379D /* OnBoard.storyboard */ = {isa = PBXFileReference; fileEncoding = 4; lastKnownFileType = file.storyboard; name = OnBoard.storyboard; path = ../OnBoard.storyboard; sourceTree = "<group>"; };
		5FCEBEEB1E91A20100BA379D /* OnBoardingController.swift */ = {isa = PBXFileReference; fileEncoding = 4; lastKnownFileType = sourcecode.swift; name = OnBoardingController.swift; path = ../OnBoardingController.swift; sourceTree = "<group>"; };
		5FCEBEF01E91A25200BA379D /* Main.storyboard */ = {isa = PBXFileReference; fileEncoding = 4; lastKnownFileType = file.storyboard; path = Main.storyboard; sourceTree = "<group>"; };
		5FCEBEF21E91A25900BA379D /* Login.storyboard */ = {isa = PBXFileReference; fileEncoding = 4; lastKnownFileType = file.storyboard; path = Login.storyboard; sourceTree = "<group>"; };
		5FCEBEF41E91A27B00BA379D /* LoginViews.swift */ = {isa = PBXFileReference; fileEncoding = 4; lastKnownFileType = sourcecode.swift; path = LoginViews.swift; sourceTree = "<group>"; };
		5FCEBEF61E91A28800BA379D /* ForumView.swift */ = {isa = PBXFileReference; fileEncoding = 4; lastKnownFileType = sourcecode.swift; path = ForumView.swift; sourceTree = "<group>"; };
		5FCEBEF81E91A29D00BA379D /* ReferralViews.swift */ = {isa = PBXFileReference; fileEncoding = 4; lastKnownFileType = sourcecode.swift; path = ReferralViews.swift; sourceTree = "<group>"; };
		5FCEBEFA1E91A2A400BA379D /* AppointmentView.swift */ = {isa = PBXFileReference; fileEncoding = 4; lastKnownFileType = sourcecode.swift; path = AppointmentView.swift; sourceTree = "<group>"; };
		5FCEBEFC1E91A2B200BA379D /* SettingsView.swift */ = {isa = PBXFileReference; fileEncoding = 4; lastKnownFileType = sourcecode.swift; path = SettingsView.swift; sourceTree = "<group>"; };
		5FCEBEFE1E91A2BB00BA379D /* EmergencyView.swift */ = {isa = PBXFileReference; fileEncoding = 4; lastKnownFileType = sourcecode.swift; path = EmergencyView.swift; sourceTree = "<group>"; };
		5FCEBF001E91A74100BA379D /* SignUpViews.swift */ = {isa = PBXFileReference; fileEncoding = 4; lastKnownFileType = sourcecode.swift; path = SignUpViews.swift; sourceTree = "<group>"; };
		5FCEBF041E91A81000BA379D /* WelcomeScreenViews.swift */ = {isa = PBXFileReference; fileEncoding = 4; lastKnownFileType = sourcecode.swift; path = WelcomeScreenViews.swift; sourceTree = "<group>"; };
		5FCEBF061E91D95D00BA379D /* My Mind.entitlements */ = {isa = PBXFileReference; lastKnownFileType = text.plist.entitlements; path = "My Mind.entitlements"; sourceTree = "<group>"; };
		5FE993351E92C3D4002B0FF6 /* OnlineViews.swift */ = {isa = PBXFileReference; fileEncoding = 4; lastKnownFileType = sourcecode.swift; path = OnlineViews.swift; sourceTree = "<group>"; };
		706096029E2D8926F6A27630 /* Pods-My Mind.debug.xcconfig */ = {isa = PBXFileReference; includeInIndex = 1; lastKnownFileType = text.xcconfig; name = "Pods-My Mind.debug.xcconfig"; path = "Pods/Target Support Files/Pods-My Mind/Pods-My Mind.debug.xcconfig"; sourceTree = "<group>"; };
		D801D285CF8D71FD32F6DC0E /* Pods_My_MindTests.framework */ = {isa = PBXFileReference; explicitFileType = wrapper.framework; includeInIndex = 0; path = Pods_My_MindTests.framework; sourceTree = BUILT_PRODUCTS_DIR; };
		F44006E7B7F6F6FB9AB0F4C6 /* Pods_My_MindUITests.framework */ = {isa = PBXFileReference; explicitFileType = wrapper.framework; includeInIndex = 0; path = Pods_My_MindUITests.framework; sourceTree = BUILT_PRODUCTS_DIR; };
/* End PBXFileReference section */

/* Begin PBXFrameworksBuildPhase section */
		5FCEBEB31E91A00900BA379D /* Frameworks */ = {
			isa = PBXFrameworksBuildPhase;
			buildActionMask = 2147483647;
			files = (
				5F28BC9A1E920172000BA78E /* SwiftForms.framework in Frameworks */,
			);
			runOnlyForDeploymentPostprocessing = 0;
		};
		5FCEBEC71E91A00900BA379D /* Frameworks */ = {
			isa = PBXFrameworksBuildPhase;
			buildActionMask = 2147483647;
			files = (
			);
			runOnlyForDeploymentPostprocessing = 0;
		};
		5FCEBED21E91A00900BA379D /* Frameworks */ = {
			isa = PBXFrameworksBuildPhase;
			buildActionMask = 2147483647;
			files = (
			);
			runOnlyForDeploymentPostprocessing = 0;
		};
/* End PBXFrameworksBuildPhase section */

/* Begin PBXGroup section */
		2678CCB1C2283411544C78DB /* Frameworks */ = {
			isa = PBXGroup;
			children = (
				5F28BC991E920172000BA78E /* SwiftForms.framework */,
				4D61387F6D0645AD417E6994 /* Pods_My_Mind.framework */,
				D801D285CF8D71FD32F6DC0E /* Pods_My_MindTests.framework */,
				F44006E7B7F6F6FB9AB0F4C6 /* Pods_My_MindUITests.framework */,
			);
			name = Frameworks;
			sourceTree = "<group>";
		};
		5FCEBEAD1E91A00900BA379D = {
			isa = PBXGroup;
			children = (
				5FCEBEB81E91A00900BA379D /* My Mind */,
				5FCEBECD1E91A00900BA379D /* My MindTests */,
				5FCEBED81E91A00900BA379D /* My MindUITests */,
				5FCEBEB71E91A00900BA379D /* Products */,
				A5B37CCAF9726F0EEDFD6142 /* Pods */,
				2678CCB1C2283411544C78DB /* Frameworks */,
			);
			sourceTree = "<group>";
		};
		5FCEBEB71E91A00900BA379D /* Products */ = {
			isa = PBXGroup;
			children = (
				5FCEBEB61E91A00900BA379D /* My Mind.app */,
				5FCEBECA1E91A00900BA379D /* My MindTests.xctest */,
				5FCEBED51E91A00900BA379D /* My MindUITests.xctest */,
			);
			name = Products;
			sourceTree = "<group>";
		};
		5FCEBEB81E91A00900BA379D /* My Mind */ = {
			isa = PBXGroup;
			children = (
				5FCEBF061E91D95D00BA379D /* My Mind.entitlements */,
				5FCEBEC51E91A00900BA379D /* Info.plist */,
				5FCEBEB91E91A00900BA379D /* AppDelegate.swift */,
				5FCEBEC01E91A00900BA379D /* Assets.xcassets */,
				5FCEBEC21E91A00900BA379D /* LaunchScreen.storyboard */,
				5FCEBEEE1E91A21900BA379D /* Login Sequences */,
				5FCEBEEF1E91A22800BA379D /* Main Sequences */,
				5FCEBEED1E91A20D00BA379D /* OnBoarding Sequences */,
			);
			path = "My Mind";
			sourceTree = "<group>";
		};
		5FCEBECD1E91A00900BA379D /* My MindTests */ = {
			isa = PBXGroup;
			children = (
				5FCEBECE1E91A00900BA379D /* My_MindTests.swift */,
				5FCEBED01E91A00900BA379D /* Info.plist */,
			);
			path = "My MindTests";
			sourceTree = "<group>";
		};
		5FCEBED81E91A00900BA379D /* My MindUITests */ = {
			isa = PBXGroup;
			children = (
				5FCEBED91E91A00900BA379D /* My_MindUITests.swift */,
				5FCEBEDB1E91A00900BA379D /* Info.plist */,
			);
			path = "My MindUITests";
			sourceTree = "<group>";
		};
		5FCEBEED1E91A20D00BA379D /* OnBoarding Sequences */ = {
			isa = PBXGroup;
			children = (
				5FCEBEE91E91A0B800BA379D /* OnBoard.storyboard */,
				5FCEBEEB1E91A20100BA379D /* OnBoardingController.swift */,
				5FCEBF041E91A81000BA379D /* WelcomeScreenViews.swift */,
			);
			name = "OnBoarding Sequences";
			sourceTree = "<group>";
		};
		5FCEBEEE1E91A21900BA379D /* Login Sequences */ = {
			isa = PBXGroup;
			children = (
				5FCEBEF21E91A25900BA379D /* Login.storyboard */,
				5FCEBEF41E91A27B00BA379D /* LoginViews.swift */,
				5FCEBF001E91A74100BA379D /* SignUpViews.swift */,
				5FE993351E92C3D4002B0FF6 /* OnlineViews.swift */,
			);
			name = "Login Sequences";
			sourceTree = "<group>";
		};
		5FCEBEEF1E91A22800BA379D /* Main Sequences */ = {
			isa = PBXGroup;
			children = (
				5FCEBEF01E91A25200BA379D /* Main.storyboard */,
				5FCEBEFA1E91A2A400BA379D /* AppointmentView.swift */,
				5FCEBEFE1E91A2BB00BA379D /* EmergencyView.swift */,
				5FCEBEF61E91A28800BA379D /* ForumView.swift */,
				5FCEBEF81E91A29D00BA379D /* ReferralViews.swift */,
				5FCEBEFC1E91A2B200BA379D /* SettingsView.swift */,
			);
			name = "Main Sequences";
			sourceTree = "<group>";
		};
		A5B37CCAF9726F0EEDFD6142 /* Pods */ = {
			isa = PBXGroup;
			children = (
				706096029E2D8926F6A27630 /* Pods-My Mind.debug.xcconfig */,
				4EB7D250E5F6F6ED4ECEE61D /* Pods-My Mind.release.xcconfig */,
			);
			name = Pods;
			sourceTree = "<group>";
		};
/* End PBXGroup section */

/* Begin PBXNativeTarget section */
		5FCEBEB51E91A00900BA379D /* My Mind */ = {
			isa = PBXNativeTarget;
			buildConfigurationList = 5FCEBEDE1E91A00900BA379D /* Build configuration list for PBXNativeTarget "My Mind" */;
			buildPhases = (
				C7C5637EC49A098E10C2ABE0 /* [CP] Check Pods Manifest.lock */,
				5FCEBEB21E91A00900BA379D /* Sources */,
				5FCEBEB31E91A00900BA379D /* Frameworks */,
				5FCEBEB41E91A00900BA379D /* Resources */,
				5FA02E161E91F52C00C6F0A5 /* Embed Frameworks */,
				72970A95DE21C41243D290B0 /* [CP] Embed Pods Frameworks */,
				E3E2E445B46619A044835673 /* [CP] Copy Pods Resources */,
			);
			buildRules = (
			);
			dependencies = (
			);
			name = "My Mind";
			productName = "My Mind";
			productReference = 5FCEBEB61E91A00900BA379D /* My Mind.app */;
			productType = "com.apple.product-type.application";
		};
		5FCEBEC91E91A00900BA379D /* My MindTests */ = {
			isa = PBXNativeTarget;
			buildConfigurationList = 5FCEBEE11E91A00900BA379D /* Build configuration list for PBXNativeTarget "My MindTests" */;
			buildPhases = (
				5FCEBEC61E91A00900BA379D /* Sources */,
				5FCEBEC71E91A00900BA379D /* Frameworks */,
				5FCEBEC81E91A00900BA379D /* Resources */,
			);
			buildRules = (
			);
			dependencies = (
				5FCEBECC1E91A00900BA379D /* PBXTargetDependency */,
			);
			name = "My MindTests";
			productName = "My MindTests";
			productReference = 5FCEBECA1E91A00900BA379D /* My MindTests.xctest */;
			productType = "com.apple.product-type.bundle.unit-test";
		};
		5FCEBED41E91A00900BA379D /* My MindUITests */ = {
			isa = PBXNativeTarget;
			buildConfigurationList = 5FCEBEE41E91A00900BA379D /* Build configuration list for PBXNativeTarget "My MindUITests" */;
			buildPhases = (
				5FCEBED11E91A00900BA379D /* Sources */,
				5FCEBED21E91A00900BA379D /* Frameworks */,
				5FCEBED31E91A00900BA379D /* Resources */,
			);
			buildRules = (
			);
			dependencies = (
				5FCEBED71E91A00900BA379D /* PBXTargetDependency */,
			);
			name = "My MindUITests";
			productName = "My MindUITests";
			productReference = 5FCEBED51E91A00900BA379D /* My MindUITests.xctest */;
			productType = "com.apple.product-type.bundle.ui-testing";
		};
/* End PBXNativeTarget section */

/* Begin PBXProject section */
		5FCEBEAE1E91A00900BA379D /* Project object */ = {
			isa = PBXProject;
			attributes = {
				LastSwiftUpdateCheck = 0830;
				LastUpgradeCheck = 0830;
				ORGANIZATIONNAME = "Alexander Davis";
				TargetAttributes = {
					5FCEBEB51E91A00900BA379D = {
						CreatedOnToolsVersion = 8.3;
						DevelopmentTeam = 28CC8SCVUN;
						ProvisioningStyle = Automatic;
						SystemCapabilities = {
							com.apple.BackgroundModes = {
								enabled = 1;
							};
							com.apple.DataProtection = {
								enabled = 1;
							};
							com.apple.Push = {
								enabled = 1;
							};
						};
					};
					5FCEBEC91E91A00900BA379D = {
						CreatedOnToolsVersion = 8.3;
						DevelopmentTeam = 28CC8SCVUN;
						ProvisioningStyle = Automatic;
						TestTargetID = 5FCEBEB51E91A00900BA379D;
					};
					5FCEBED41E91A00900BA379D = {
						CreatedOnToolsVersion = 8.3;
						DevelopmentTeam = 28CC8SCVUN;
						ProvisioningStyle = Automatic;
						TestTargetID = 5FCEBEB51E91A00900BA379D;
					};
				};
			};
			buildConfigurationList = 5FCEBEB11E91A00900BA379D /* Build configuration list for PBXProject "My Mind" */;
			compatibilityVersion = "Xcode 3.2";
			developmentRegion = English;
			hasScannedForEncodings = 0;
			knownRegions = (
				en,
				Base,
			);
			mainGroup = 5FCEBEAD1E91A00900BA379D;
			productRefGroup = 5FCEBEB71E91A00900BA379D /* Products */;
			projectDirPath = "";
			projectRoot = "";
			targets = (
				5FCEBEB51E91A00900BA379D /* My Mind */,
				5FCEBEC91E91A00900BA379D /* My MindTests */,
				5FCEBED41E91A00900BA379D /* My MindUITests */,
			);
		};
/* End PBXProject section */

/* Begin PBXResourcesBuildPhase section */
		5FCEBEB41E91A00900BA379D /* Resources */ = {
			isa = PBXResourcesBuildPhase;
			buildActionMask = 2147483647;
			files = (
				5FCEBEEA1E91A0B800BA379D /* OnBoard.storyboard in Resources */,
				5FCEBEC41E91A00900BA379D /* LaunchScreen.storyboard in Resources */,
				5FCEBEC11E91A00900BA379D /* Assets.xcassets in Resources */,
				5FCEBEF31E91A25900BA379D /* Login.storyboard in Resources */,
				5FCEBEF11E91A25200BA379D /* Main.storyboard in Resources */,
			);
			runOnlyForDeploymentPostprocessing = 0;
		};
		5FCEBEC81E91A00900BA379D /* Resources */ = {
			isa = PBXResourcesBuildPhase;
			buildActionMask = 2147483647;
			files = (
			);
			runOnlyForDeploymentPostprocessing = 0;
		};
		5FCEBED31E91A00900BA379D /* Resources */ = {
			isa = PBXResourcesBuildPhase;
			buildActionMask = 2147483647;
			files = (
			);
			runOnlyForDeploymentPostprocessing = 0;
		};
/* End PBXResourcesBuildPhase section */

/* Begin PBXShellScriptBuildPhase section */
		72970A95DE21C41243D290B0 /* [CP] Embed Pods Frameworks */ = {
			isa = PBXShellScriptBuildPhase;
			buildActionMask = 2147483647;
			files = (
			);
			inputPaths = (
			);
			name = "[CP] Embed Pods Frameworks";
			outputPaths = (
			);
			runOnlyForDeploymentPostprocessing = 0;
			shellPath = /bin/sh;
			shellScript = "\"${SRCROOT}/Pods/Target Support Files/Pods-My Mind/Pods-My Mind-frameworks.sh\"\n";
			showEnvVarsInLog = 0;
		};
		C7C5637EC49A098E10C2ABE0 /* [CP] Check Pods Manifest.lock */ = {
			isa = PBXShellScriptBuildPhase;
			buildActionMask = 2147483647;
			files = (
			);
			inputPaths = (
			);
			name = "[CP] Check Pods Manifest.lock";
			outputPaths = (
			);
			runOnlyForDeploymentPostprocessing = 0;
			shellPath = /bin/sh;
			shellScript = "diff \"${PODS_ROOT}/../Podfile.lock\" \"${PODS_ROOT}/Manifest.lock\" > /dev/null\nif [ $? != 0 ] ; then\n    # print error to STDERR\n    echo \"error: The sandbox is not in sync with the Podfile.lock. Run 'pod install' or update your CocoaPods installation.\" >&2\n    exit 1\nfi\n";
			showEnvVarsInLog = 0;
		};
		E3E2E445B46619A044835673 /* [CP] Copy Pods Resources */ = {
			isa = PBXShellScriptBuildPhase;
			buildActionMask = 2147483647;
			files = (
			);
			inputPaths = (
			);
			name = "[CP] Copy Pods Resources";
			outputPaths = (
			);
			runOnlyForDeploymentPostprocessing = 0;
			shellPath = /bin/sh;
			shellScript = "\"${SRCROOT}/Pods/Target Support Files/Pods-My Mind/Pods-My Mind-resources.sh\"\n";
			showEnvVarsInLog = 0;
		};
/* End PBXShellScriptBuildPhase section */

/* Begin PBXSourcesBuildPhase section */
		5FCEBEB21E91A00900BA379D /* Sources */ = {
			isa = PBXSourcesBuildPhase;
			buildActionMask = 2147483647;
			files = (
				5FCEBEFF1E91A2BB00BA379D /* EmergencyView.swift in Sources */,
				5FCEBEFD1E91A2B200BA379D /* SettingsView.swift in Sources */,
				5FCEBEEC1E91A20100BA379D /* OnBoardingController.swift in Sources */,
				5FCEBEBA1E91A00900BA379D /* AppDelegate.swift in Sources */,
				5FCEBEF91E91A29D00BA379D /* ReferralViews.swift in Sources */,
				5FCEBF051E91A81000BA379D /* WelcomeScreenViews.swift in Sources */,
				5FCEBEF71E91A28800BA379D /* ForumView.swift in Sources */,
				5FCEBEFB1E91A2A400BA379D /* AppointmentView.swift in Sources */,
				5FCEBF011E91A74100BA379D /* SignUpViews.swift in Sources */,
				5FE993361E92C3D4002B0FF6 /* OnlineViews.swift in Sources */,
				5FCEBEF51E91A27B00BA379D /* LoginViews.swift in Sources */,
			);
			runOnlyForDeploymentPostprocessing = 0;
		};
		5FCEBEC61E91A00900BA379D /* Sources */ = {
			isa = PBXSourcesBuildPhase;
			buildActionMask = 2147483647;
			files = (
				5FCEBECF1E91A00900BA379D /* My_MindTests.swift in Sources */,
			);
			runOnlyForDeploymentPostprocessing = 0;
		};
		5FCEBED11E91A00900BA379D /* Sources */ = {
			isa = PBXSourcesBuildPhase;
			buildActionMask = 2147483647;
			files = (
				5FCEBEDA1E91A00900BA379D /* My_MindUITests.swift in Sources */,
			);
			runOnlyForDeploymentPostprocessing = 0;
		};
/* End PBXSourcesBuildPhase section */

/* Begin PBXTargetDependency section */
		5FCEBECC1E91A00900BA379D /* PBXTargetDependency */ = {
			isa = PBXTargetDependency;
			target = 5FCEBEB51E91A00900BA379D /* My Mind */;
			targetProxy = 5FCEBECB1E91A00900BA379D /* PBXContainerItemProxy */;
		};
		5FCEBED71E91A00900BA379D /* PBXTargetDependency */ = {
			isa = PBXTargetDependency;
			target = 5FCEBEB51E91A00900BA379D /* My Mind */;
			targetProxy = 5FCEBED61E91A00900BA379D /* PBXContainerItemProxy */;
		};
/* End PBXTargetDependency section */

/* Begin PBXVariantGroup section */
		5FCEBEC21E91A00900BA379D /* LaunchScreen.storyboard */ = {
			isa = PBXVariantGroup;
			children = (
				5FCEBEC31E91A00900BA379D /* Base */,
			);
			name = LaunchScreen.storyboard;
			sourceTree = "<group>";
		};
/* End PBXVariantGroup section */

/* Begin XCBuildConfiguration section */
		5FCEBEDC1E91A00900BA379D /* Debug */ = {
			isa = XCBuildConfiguration;
			buildSettings = {
				ALWAYS_SEARCH_USER_PATHS = NO;
				CLANG_ANALYZER_NONNULL = YES;
				CLANG_ANALYZER_NUMBER_OBJECT_CONVERSION = YES_AGGRESSIVE;
				CLANG_CXX_LANGUAGE_STANDARD = "gnu++0x";
				CLANG_CXX_LIBRARY = "libc++";
				CLANG_ENABLE_MODULES = YES;
				CLANG_ENABLE_OBJC_ARC = YES;
				CLANG_WARN_BOOL_CONVERSION = YES;
				CLANG_WARN_CONSTANT_CONVERSION = YES;
				CLANG_WARN_DIRECT_OBJC_ISA_USAGE = YES_ERROR;
				CLANG_WARN_DOCUMENTATION_COMMENTS = YES;
				CLANG_WARN_EMPTY_BODY = YES;
				CLANG_WARN_ENUM_CONVERSION = YES;
				CLANG_WARN_INFINITE_RECURSION = YES;
				CLANG_WARN_INT_CONVERSION = YES;
				CLANG_WARN_OBJC_ROOT_CLASS = YES_ERROR;
				CLANG_WARN_SUSPICIOUS_MOVE = YES;
				CLANG_WARN_UNREACHABLE_CODE = YES;
				CLANG_WARN__DUPLICATE_METHOD_MATCH = YES;
				"CODE_SIGN_IDENTITY[sdk=iphoneos*]" = "iPhone Developer";
				COPY_PHASE_STRIP = NO;
				DEBUG_INFORMATION_FORMAT = dwarf;
				ENABLE_STRICT_OBJC_MSGSEND = YES;
				ENABLE_TESTABILITY = YES;
				GCC_C_LANGUAGE_STANDARD = gnu99;
				GCC_DYNAMIC_NO_PIC = NO;
				GCC_NO_COMMON_BLOCKS = YES;
				GCC_OPTIMIZATION_LEVEL = 0;
				GCC_PREPROCESSOR_DEFINITIONS = (
					"DEBUG=1",
					"$(inherited)",
				);
				GCC_WARN_64_TO_32_BIT_CONVERSION = YES;
				GCC_WARN_ABOUT_RETURN_TYPE = YES_ERROR;
				GCC_WARN_UNDECLARED_SELECTOR = YES;
				GCC_WARN_UNINITIALIZED_AUTOS = YES_AGGRESSIVE;
				GCC_WARN_UNUSED_FUNCTION = YES;
				GCC_WARN_UNUSED_VARIABLE = YES;
				IPHONEOS_DEPLOYMENT_TARGET = 10.3;
				MTL_ENABLE_DEBUG_INFO = YES;
				ONLY_ACTIVE_ARCH = YES;
				SDKROOT = iphoneos;
				SWIFT_ACTIVE_COMPILATION_CONDITIONS = DEBUG;
				SWIFT_OPTIMIZATION_LEVEL = "-Onone";
			};
			name = Debug;
		};
		5FCEBEDD1E91A00900BA379D /* Release */ = {
			isa = XCBuildConfiguration;
			buildSettings = {
				ALWAYS_SEARCH_USER_PATHS = NO;
				CLANG_ANALYZER_NONNULL = YES;
				CLANG_ANALYZER_NUMBER_OBJECT_CONVERSION = YES_AGGRESSIVE;
				CLANG_CXX_LANGUAGE_STANDARD = "gnu++0x";
				CLANG_CXX_LIBRARY = "libc++";
				CLANG_ENABLE_MODULES = YES;
				CLANG_ENABLE_OBJC_ARC = YES;
				CLANG_WARN_BOOL_CONVERSION = YES;
				CLANG_WARN_CONSTANT_CONVERSION = YES;
				CLANG_WARN_DIRECT_OBJC_ISA_USAGE = YES_ERROR;
				CLANG_WARN_DOCUMENTATION_COMMENTS = YES;
				CLANG_WARN_EMPTY_BODY = YES;
				CLANG_WARN_ENUM_CONVERSION = YES;
				CLANG_WARN_INFINITE_RECURSION = YES;
				CLANG_WARN_INT_CONVERSION = YES;
				CLANG_WARN_OBJC_ROOT_CLASS = YES_ERROR;
				CLANG_WARN_SUSPICIOUS_MOVE = YES;
				CLANG_WARN_UNREACHABLE_CODE = YES;
				CLANG_WARN__DUPLICATE_METHOD_MATCH = YES;
				"CODE_SIGN_IDENTITY[sdk=iphoneos*]" = "iPhone Developer";
				COPY_PHASE_STRIP = NO;
				DEBUG_INFORMATION_FORMAT = "dwarf-with-dsym";
				ENABLE_NS_ASSERTIONS = NO;
				ENABLE_STRICT_OBJC_MSGSEND = YES;
				GCC_C_LANGUAGE_STANDARD = gnu99;
				GCC_NO_COMMON_BLOCKS = YES;
				GCC_WARN_64_TO_32_BIT_CONVERSION = YES;
				GCC_WARN_ABOUT_RETURN_TYPE = YES_ERROR;
				GCC_WARN_UNDECLARED_SELECTOR = YES;
				GCC_WARN_UNINITIALIZED_AUTOS = YES_AGGRESSIVE;
				GCC_WARN_UNUSED_FUNCTION = YES;
				GCC_WARN_UNUSED_VARIABLE = YES;
				IPHONEOS_DEPLOYMENT_TARGET = 10.3;
				MTL_ENABLE_DEBUG_INFO = NO;
				SDKROOT = iphoneos;
				SWIFT_OPTIMIZATION_LEVEL = "-Owholemodule";
				VALIDATE_PRODUCT = YES;
			};
			name = Release;
		};
		5FCEBEDF1E91A00900BA379D /* Debug */ = {
			isa = XCBuildConfiguration;
			baseConfigurationReference = 706096029E2D8926F6A27630 /* Pods-My Mind.debug.xcconfig */;
			buildSettings = {
				ASSETCATALOG_COMPILER_APPICON_NAME = AppIcon;
				CODE_SIGN_ENTITLEMENTS = "My Mind/My Mind.entitlements";
				DEVELOPMENT_TEAM = 28CC8SCVUN;
				FRAMEWORK_SEARCH_PATHS = (
					"$(inherited)",
					"$(PROJECT_DIR)/My\\ Mind",
					"$(PROJECT_DIR)/My\\ Mind",
					"$(PROJECT_DIR)/My\\ Mind",
					"$(PROJECT_DIR)/My\\ Mind",
					"$(PROJECT_DIR)/Pods",
					"$(PROJECT_DIR)",
				);
				INFOPLIST_FILE = "My Mind/Info.plist";
				LD_RUNPATH_SEARCH_PATHS = "$(inherited) @executable_path/Frameworks";
				MTL_ENABLE_DEBUG_INFO = NO;
				PRODUCT_BUNDLE_IDENTIFIER = "ADCMNetworks.My-Mind";
				PRODUCT_NAME = "$(TARGET_NAME)";
				SWIFT_VERSION = 3.0;
			};
			name = Debug;
		};
		5FCEBEE01E91A00900BA379D /* Release */ = {
			isa = XCBuildConfiguration;
			baseConfigurationReference = 4EB7D250E5F6F6ED4ECEE61D /* Pods-My Mind.release.xcconfig */;
			buildSettings = {
				ASSETCATALOG_COMPILER_APPICON_NAME = AppIcon;
				CODE_SIGN_ENTITLEMENTS = "My Mind/My Mind.entitlements";
				CODE_SIGN_IDENTITY = "iPhone Developer: Alexander Davis (6S4KYV4QU7)";
				DEVELOPMENT_TEAM = 28CC8SCVUN;
				FRAMEWORK_SEARCH_PATHS = (
					"$(inherited)",
					"$(PROJECT_DIR)/My\\ Mind",
					"$(PROJECT_DIR)/My\\ Mind",
					"$(PROJECT_DIR)/My\\ Mind",
					"$(PROJECT_DIR)/My\\ Mind",
					"$(PROJECT_DIR)/Pods",
					"$(PROJECT_DIR)",
				);
				INFOPLIST_FILE = "My Mind/Info.plist";
				LD_RUNPATH_SEARCH_PATHS = "$(inherited) @executable_path/Frameworks";
				MTL_ENABLE_DEBUG_INFO = YES;
				PRODUCT_BUNDLE_IDENTIFIER = "ADCMNetworks.My-Mind";
				PRODUCT_NAME = "$(TARGET_NAME)";
				SWIFT_VERSION = 3.0;
			};
			name = Release;
		};
		5FCEBEE21E91A00900BA379D /* Debug */ = {
			isa = XCBuildConfiguration;
			buildSettings = {
				ALWAYS_EMBED_SWIFT_STANDARD_LIBRARIES = YES;
				BUNDLE_LOADER = "$(TEST_HOST)";
				DEVELOPMENT_TEAM = 28CC8SCVUN;
				INFOPLIST_FILE = "My MindTests/Info.plist";
				LD_RUNPATH_SEARCH_PATHS = "$(inherited) @executable_path/Frameworks @loader_path/Frameworks";
				PRODUCT_BUNDLE_IDENTIFIER = "ADCMNetworks.My-MindTests";
				PRODUCT_NAME = "$(TARGET_NAME)";
				SWIFT_VERSION = 3.0;
				TEST_HOST = "$(BUILT_PRODUCTS_DIR)/My Mind.app/My Mind";
			};
			name = Debug;
		};
		5FCEBEE31E91A00900BA379D /* Release */ = {
			isa = XCBuildConfiguration;
			buildSettings = {
				ALWAYS_EMBED_SWIFT_STANDARD_LIBRARIES = YES;
				BUNDLE_LOADER = "$(TEST_HOST)";
				DEVELOPMENT_TEAM = 28CC8SCVUN;
				INFOPLIST_FILE = "My MindTests/Info.plist";
				LD_RUNPATH_SEARCH_PATHS = "$(inherited) @executable_path/Frameworks @loader_path/Frameworks";
				PRODUCT_BUNDLE_IDENTIFIER = "ADCMNetworks.My-MindTests";
				PRODUCT_NAME = "$(TARGET_NAME)";
				SWIFT_VERSION = 3.0;
				TEST_HOST = "$(BUILT_PRODUCTS_DIR)/My Mind.app/My Mind";
			};
			name = Release;
		};
		5FCEBEE51E91A00900BA379D /* Debug */ = {
			isa = XCBuildConfiguration;
			buildSettings = {
				ALWAYS_EMBED_SWIFT_STANDARD_LIBRARIES = YES;
				DEVELOPMENT_TEAM = 28CC8SCVUN;
				INFOPLIST_FILE = "My MindUITests/Info.plist";
				LD_RUNPATH_SEARCH_PATHS = "$(inherited) @executable_path/Frameworks @loader_path/Frameworks";
				PRODUCT_BUNDLE_IDENTIFIER = "ADCMNetworks.My-MindUITests";
				PRODUCT_NAME = "$(TARGET_NAME)";
				SWIFT_VERSION = 3.0;
				TEST_TARGET_NAME = "My Mind";
			};
			name = Debug;
		};
		5FCEBEE61E91A00900BA379D /* Release */ = {
			isa = XCBuildConfiguration;
			buildSettings = {
				ALWAYS_EMBED_SWIFT_STANDARD_LIBRARIES = YES;
				DEVELOPMENT_TEAM = 28CC8SCVUN;
				INFOPLIST_FILE = "My MindUITests/Info.plist";
				LD_RUNPATH_SEARCH_PATHS = "$(inherited) @executable_path/Frameworks @loader_path/Frameworks";
				PRODUCT_BUNDLE_IDENTIFIER = "ADCMNetworks.My-MindUITests";
				PRODUCT_NAME = "$(TARGET_NAME)";
				SWIFT_VERSION = 3.0;
				TEST_TARGET_NAME = "My Mind";
			};
			name = Release;
		};
/* End XCBuildConfiguration section */

/* Begin XCConfigurationList section */
		5FCEBEB11E91A00900BA379D /* Build configuration list for PBXProject "My Mind" */ = {
			isa = XCConfigurationList;
			buildConfigurations = (
				5FCEBEDC1E91A00900BA379D /* Debug */,
				5FCEBEDD1E91A00900BA379D /* Release */,
			);
			defaultConfigurationIsVisible = 0;
			defaultConfigurationName = Release;
		};
		5FCEBEDE1E91A00900BA379D /* Build configuration list for PBXNativeTarget "My Mind" */ = {
			isa = XCConfigurationList;
			buildConfigurations = (
				5FCEBEDF1E91A00900BA379D /* Debug */,
				5FCEBEE01E91A00900BA379D /* Release */,
			);
			defaultConfigurationIsVisible = 0;
			defaultConfigurationName = Release;
		};
		5FCEBEE11E91A00900BA379D /* Build configuration list for PBXNativeTarget "My MindTests" */ = {
			isa = XCConfigurationList;
			buildConfigurations = (
				5FCEBEE21E91A00900BA379D /* Debug */,
				5FCEBEE31E91A00900BA379D /* Release */,
			);
			defaultConfigurationIsVisible = 0;
			defaultConfigurationName = Release;
		};
		5FCEBEE41E91A00900BA379D /* Build configuration list for PBXNativeTarget "My MindUITests" */ = {
			isa = XCConfigurationList;
			buildConfigurations = (
				5FCEBEE51E91A00900BA379D /* Debug */,
				5FCEBEE61E91A00900BA379D /* Release */,
			);
			defaultConfigurationIsVisible = 0;
			defaultConfigurationName = Release;
		};
/* End XCConfigurationList section */
	};
	rootObject = 5FCEBEAE1E91A00900BA379D /* Project object */;
}
